<?xml version="1.0" encoding="utf-8"?>
<Project ToolsVersion="15.0" xmlns="http://schemas.microsoft.com/developer/msbuild/2003">
  <ItemGroup>
    <ClCompile Include="D:\learning\CV\STRUCK-master\src\Config.cpp">
      <Filter>Source Files</Filter>
    </ClCompile>
    <ClCompile Include="D:\learning\CV\STRUCK-master\src\Features.cpp">
      <Filter>Source Files</Filter>
    </ClCompile>
    <ClCompile Include="D:\learning\CV\STRUCK-master\src\HaarFeature.cpp">
      <Filter>Source Files</Filter>
    </ClCompile>
    <ClCompile Include="D:\learning\CV\STRUCK-master\src\HaarFeatures.cpp">
      <Filter>Source Files</Filter>
    </ClCompile>
    <ClCompile Include="D:\learning\CV\STRUCK-master\src\HistogramFeatures.cpp">
      <Filter>Source Files</Filter>
    </ClCompile>
    <ClCompile Include="D:\learning\CV\STRUCK-master\src\ImageRep.cpp">
      <Filter>Source Files</Filter>
    </ClCompile>
    <ClCompile Include="D:\learning\CV\STRUCK-master\src\LaRank.cpp">
      <Filter>Source Files</Filter>
    </ClCompile>
    <ClCompile Include="D:\learning\CV\STRUCK-master\src\main.cpp">
      <Filter>Source Files</Filter>
    </ClCompile>
    <ClCompile Include="D:\learning\CV\STRUCK-master\src\MultiFeatures.cpp">
      <Filter>Source Files</Filter>
    </ClCompile>
    <ClCompile Include="D:\learning\CV\STRUCK-master\src\RawFeatures.cpp">
      <Filter>Source Files</Filter>
    </ClCompile>
    <ClCompile Include="D:\learning\CV\STRUCK-master\src\Sampler.cpp">
      <Filter>Source Files</Filter>
    </ClCompile>
    <ClCompile Include="D:\learning\CV\STRUCK-master\src\Tracker.cpp">
      <Filter>Source Files</Filter>
    </ClCompile>
    <ClCompile Include="D:\learning\CV\STRUCK-master\src\GraphUtils\GraphUtils.cpp">
      <Filter>Source Files</Filter>
    </ClCompile>
  </ItemGroup>
  <ItemGroup>
    <CustomBuild Include="D:\learning\CV\STRUCK-master\CMakeLists.txt" />
  </ItemGroup>
  <ItemGroup>
    <Filter Include="Source Files">
      <UniqueIdentifier>{E2A993F8-CF86-373C-A526-93DC37A6448A}</UniqueIdentifier>
    </Filter>
  </ItemGroup>
</Project>
