<?xml version="1.0" encoding="utf-8"?>
<Project ToolsVersion="15.0" xmlns="http://schemas.microsoft.com/developer/msbuild/2003">
  <ItemGroup>
    <CustomBuild Include="D:\learning\CV\STRUCK-master\mybuild\CMakeFiles\b45e56c1d2a46808ec2cd6bcd579859d\generate.stamp.rule">
      <Filter>CMake Rules</Filter>
    </CustomBuild>
  </ItemGroup>
  <ItemGroup>
    <Filter Include="CMake Rules">
      <UniqueIdentifier>{628A66E0-B415-33B6-A8C6-F30EAB78F2FC}</UniqueIdentifier>
    </Filter>
  </ItemGroup>
</Project>
